
Microsoft Visual Studio Solution File, Format Version 12.00
# Visual Studio Version 17
VisualStudioVersion = 17.6.33829.357
MinimumVisualStudioVersion = 10.0.40219.1
Project("{FAE04EC0-301F-11D3-BF4B-00C04F79EFBC}") = "OOPClasses", "OOPClasses\OOPClasses.csproj", "{5842F459-098A-4B2E-A771-1C2CD548037D}"
EndProject
Global
	GlobalSection(SolutionConfigurationPlatforms) = preSolution
		Debug|Any CPU = Debug|Any CPU
		Release|Any CPU = Release|Any CPU
	EndGlobalSection
	GlobalSection(ProjectConfigurationPlatforms) = postSolution
		{5842F459-098A-4B2E-A771-1C2CD548037D}.Debug|Any CPU.ActiveCfg = Debug|Any CPU
		{5842F459-098A-4B2E-A771-1C2CD548037D}.Debug|Any CPU.Build.0 = Debug|Any CPU
		{5842F459-098A-4B2E-A771-1C2CD548037D}.Release|Any CPU.ActiveCfg = Release|Any CPU
		{5842F459-098A-4B2E-A771-1C2CD548037D}.Release|Any CPU.Build.0 = Release|Any CPU
	EndGlobalSection
	GlobalSection(SolutionProperties) = preSolution
		HideSolutionNode = FALSE
	EndGlobalSection
	GlobalSection(ExtensibilityGlobals) = postSolution
		SolutionGuid = {E79B3035-DEE2-46F2-A1C4-5F5F624A5794}
	EndGlobalSection
EndGlobal
